// !$*UTF8*$!
{
	archiveVersion = 1;
	classes = {
	};
	objectVersion = 51;
	objects = {

/* Begin PBXBuildFile section */
		A80E7BB926779BD40002C134 /* APIkeys.swift in Sources */ = {isa = PBXBuildFile; fileRef = A80E7BB826779BD40002C134 /* APIkeys.swift */; };
		A80E7BBB2677A3B00002C134 /* LocationDetailViewController.swift in Sources */ = {isa = PBXBuildFile; fileRef = A80E7BBA2677A3B00002C134 /* LocationDetailViewController.swift */; };
		A888C0302678CCE600CF9B56 /* PageViewController.swift in Sources */ = {isa = PBXBuildFile; fileRef = A888C02F2678CCE600CF9B56 /* PageViewController.swift */; };
		A88E20252684D7D50038638C /* HourlyCollectionViewCell.swift in Sources */ = {isa = PBXBuildFile; fileRef = A88E20242684D7D50038638C /* HourlyCollectionViewCell.swift */; };
		A8A6CAE2267CB65000CF4265 /* WeatherDetail.swift in Sources */ = {isa = PBXBuildFile; fileRef = A8A6CAE1267CB65000CF4265 /* WeatherDetail.swift */; };
		A8C0164A266FD60300782A2D /* AppDelegate.swift in Sources */ = {isa = PBXBuildFile; fileRef = A8C01649266FD60300782A2D /* AppDelegate.swift */; };
		A8C0164C266FD60300782A2D /* SceneDelegate.swift in Sources */ = {isa = PBXBuildFile; fileRef = A8C0164B266FD60300782A2D /* SceneDelegate.swift */; };
		A8C01651266FD60300782A2D /* Main.storyboard in Resources */ = {isa = PBXBuildFile; fileRef = A8C0164F266FD60300782A2D /* Main.storyboard */; };
		A8C01653266FD60400782A2D /* Assets.xcassets in Resources */ = {isa = PBXBuildFile; fileRef = A8C01652266FD60400782A2D /* Assets.xcassets */; };
		A8C01656266FD60400782A2D /* LaunchScreen.storyboard in Resources */ = {isa = PBXBuildFile; fileRef = A8C01654266FD60400782A2D /* LaunchScreen.storyboard */; };
		A8C01660266FD6F300782A2D /* LocationListViewController.swift in Sources */ = {isa = PBXBuildFile; fileRef = A8C0165F266FD6F300782A2D /* LocationListViewController.swift */; };
		A8C01664266FE1E600782A2D /* WeatherLocation.swift in Sources */ = {isa = PBXBuildFile; fileRef = A8C01663266FE1E600782A2D /* WeatherLocation.swift */; };
		A8F966FE26823B2300345901 /* DailyTableViewCell.swift in Sources */ = {isa = PBXBuildFile; fileRef = A8F966FD26823B2300345901 /* DailyTableViewCell.swift */; };
		EF409B1713ED82164D0479FC /* libPods-WeatherGift.a in Frameworks */ = {isa = PBXBuildFile; fileRef = C2DD7C88B7B7403F5C2630A3 /* libPods-WeatherGift.a */; };
/* End PBXBuildFile section */

/* Begin PBXFileReference section */
		687CF2D461058BA24ED5D474 /* Pods-WeatherGift.release.xcconfig */ = {isa = PBXFileReference; includeInIndex = 1; lastKnownFileType = text.xcconfig; name = "Pods-WeatherGift.release.xcconfig"; path = "Target Support Files/Pods-WeatherGift/Pods-WeatherGift.release.xcconfig"; sourceTree = "<group>"; };
		99D52FAA64C5C189F6684AE9 /* Pods-WeatherGift.debug.xcconfig */ = {isa = PBXFileReference; includeInIndex = 1; lastKnownFileType = text.xcconfig; name = "Pods-WeatherGift.debug.xcconfig"; path = "Target Support Files/Pods-WeatherGift/Pods-WeatherGift.debug.xcconfig"; sourceTree = "<group>"; };
		A80E7BB826779BD40002C134 /* APIkeys.swift */ = {isa = PBXFileReference; lastKnownFileType = sourcecode.swift; path = APIkeys.swift; sourceTree = "<group>"; };
		A80E7BBA2677A3B00002C134 /* LocationDetailViewController.swift */ = {isa = PBXFileReference; lastKnownFileType = sourcecode.swift; path = LocationDetailViewController.swift; sourceTree = "<group>"; };
		A888C02F2678CCE600CF9B56 /* PageViewController.swift */ = {isa = PBXFileReference; lastKnownFileType = sourcecode.swift; path = PageViewController.swift; sourceTree = "<group>"; };
		A88E20242684D7D50038638C /* HourlyCollectionViewCell.swift */ = {isa = PBXFileReference; lastKnownFileType = sourcecode.swift; path = HourlyCollectionViewCell.swift; sourceTree = "<group>"; };
		A8A6CAE1267CB65000CF4265 /* WeatherDetail.swift */ = {isa = PBXFileReference; lastKnownFileType = sourcecode.swift; path = WeatherDetail.swift; sourceTree = "<group>"; };
		A8C01646266FD60300782A2D /* WeatherGift.app */ = {isa = PBXFileReference; explicitFileType = wrapper.application; includeInIndex = 0; path = WeatherGift.app; sourceTree = BUILT_PRODUCTS_DIR; };
		A8C01649266FD60300782A2D /* AppDelegate.swift */ = {isa = PBXFileReference; lastKnownFileType = sourcecode.swift; path = AppDelegate.swift; sourceTree = "<group>"; };
		A8C0164B266FD60300782A2D /* SceneDelegate.swift */ = {isa = PBXFileReference; lastKnownFileType = sourcecode.swift; path = SceneDelegate.swift; sourceTree = "<group>"; };
		A8C01650266FD60300782A2D /* Base */ = {isa = PBXFileReference; lastKnownFileType = file.storyboard; name = Base; path = Base.lproj/Main.storyboard; sourceTree = "<group>"; };
		A8C01652266FD60400782A2D /* Assets.xcassets */ = {isa = PBXFileReference; lastKnownFileType = folder.assetcatalog; path = Assets.xcassets; sourceTree = "<group>"; };
		A8C01655266FD60400782A2D /* Base */ = {isa = PBXFileReference; lastKnownFileType = file.storyboard; name = Base; path = Base.lproj/LaunchScreen.storyboard; sourceTree = "<group>"; };
		A8C01657266FD60400782A2D /* Info.plist */ = {isa = PBXFileReference; lastKnownFileType = text.plist.xml; path = Info.plist; sourceTree = "<group>"; };
		A8C0165F266FD6F300782A2D /* LocationListViewController.swift */ = {isa = PBXFileReference; lastKnownFileType = sourcecode.swift; path = LocationListViewController.swift; sourceTree = "<group>"; };
		A8C01663266FE1E600782A2D /* WeatherLocation.swift */ = {isa = PBXFileReference; lastKnownFileType = sourcecode.swift; path = WeatherLocation.swift; sourceTree = "<group>"; };
		A8F966FD26823B2300345901 /* DailyTableViewCell.swift */ = {isa = PBXFileReference; lastKnownFileType = sourcecode.swift; path = DailyTableViewCell.swift; sourceTree = "<group>"; };
		C2DD7C88B7B7403F5C2630A3 /* libPods-WeatherGift.a */ = {isa = PBXFileReference; explicitFileType = archive.ar; includeInIndex = 0; path = "libPods-WeatherGift.a"; sourceTree = BUILT_PRODUCTS_DIR; };
/* End PBXFileReference section */

/* Begin PBXFrameworksBuildPhase section */
		A8C01643266FD60300782A2D /* Frameworks */ = {
			isa = PBXFrameworksBuildPhase;
			buildActionMask = 2147483647;
			files = (
				EF409B1713ED82164D0479FC /* libPods-WeatherGift.a in Frameworks */,
			);
			runOnlyForDeploymentPostprocessing = 0;
		};
/* End PBXFrameworksBuildPhase section */

/* Begin PBXGroup section */
		5D61EBC893D9C9C44E960FA9 /* Frameworks */ = {
			isa = PBXGroup;
			children = (
				C2DD7C88B7B7403F5C2630A3 /* libPods-WeatherGift.a */,
			);
			name = Frameworks;
			sourceTree = "<group>";
		};
		A8C0163D266FD60300782A2D = {
			isa = PBXGroup;
			children = (
				A8C01648266FD60300782A2D /* WeatherGift */,
				A8C01647266FD60300782A2D /* Products */,
				EE0C3D80A0DD6C16D16A3EB4 /* Pods */,
				5D61EBC893D9C9C44E960FA9 /* Frameworks */,
			);
			sourceTree = "<group>";
		};
		A8C01647266FD60300782A2D /* Products */ = {
			isa = PBXGroup;
			children = (
				A8C01646266FD60300782A2D /* WeatherGift.app */,
			);
			name = Products;
			sourceTree = "<group>";
		};
		A8C01648266FD60300782A2D /* WeatherGift */ = {
			isa = PBXGroup;
			children = (
				A8C01649266FD60300782A2D /* AppDelegate.swift */,
				A8C0164B266FD60300782A2D /* SceneDelegate.swift */,
				A8C01663266FE1E600782A2D /* WeatherLocation.swift */,
				A8A6CAE1267CB65000CF4265 /* WeatherDetail.swift */,
				A888C02F2678CCE600CF9B56 /* PageViewController.swift */,
				A80E7BBA2677A3B00002C134 /* LocationDetailViewController.swift */,
				A8C0165F266FD6F300782A2D /* LocationListViewController.swift */,
				A8F966FD26823B2300345901 /* DailyTableViewCell.swift */,
				A88E20242684D7D50038638C /* HourlyCollectionViewCell.swift */,
				A8C0164F266FD60300782A2D /* Main.storyboard */,
				A8C01652266FD60400782A2D /* Assets.xcassets */,
				A8C01654266FD60400782A2D /* LaunchScreen.storyboard */,
				A8C01657266FD60400782A2D /* Info.plist */,
				A80E7BB826779BD40002C134 /* APIkeys.swift */,
			);
			path = WeatherGift;
			sourceTree = "<group>";
		};
		EE0C3D80A0DD6C16D16A3EB4 /* Pods */ = {
			isa = PBXGroup;
			children = (
				99D52FAA64C5C189F6684AE9 /* Pods-WeatherGift.debug.xcconfig */,
				687CF2D461058BA24ED5D474 /* Pods-WeatherGift.release.xcconfig */,
			);
			path = Pods;
			sourceTree = "<group>";
		};
/* End PBXGroup section */

/* Begin PBXNativeTarget section */
		A8C01645266FD60300782A2D /* WeatherGift */ = {
			isa = PBXNativeTarget;
			buildConfigurationList = A8C0165A266FD60400782A2D /* Build configuration list for PBXNativeTarget "WeatherGift" */;
			buildPhases = (
				91F39541BF10C41A08A403AD /* [CP] Check Pods Manifest.lock */,
				A8C01642266FD60300782A2D /* Sources */,
				A8C01643266FD60300782A2D /* Frameworks */,
				A8C01644266FD60300782A2D /* Resources */,
				541CEDD66F4C5EBB25EC7980 /* [CP] Copy Pods Resources */,
			);
			buildRules = (
			);
			dependencies = (
			);
			name = WeatherGift;
			productName = WeatherGift;
			productReference = A8C01646266FD60300782A2D /* WeatherGift.app */;
			productType = "com.apple.product-type.application";
		};
/* End PBXNativeTarget section */

/* Begin PBXProject section */
		A8C0163E266FD60300782A2D /* Project object */ = {
			isa = PBXProject;
			attributes = {
				LastSwiftUpdateCheck = 1250;
				LastUpgradeCheck = 1250;
				TargetAttributes = {
					A8C01645266FD60300782A2D = {
						CreatedOnToolsVersion = 12.5;
					};
				};
			};
			buildConfigurationList = A8C01641266FD60300782A2D /* Build configuration list for PBXProject "WeatherGift" */;
			compatibilityVersion = "Xcode 9.3";
			developmentRegion = en;
			hasScannedForEncodings = 0;
			knownRegions = (
				en,
				Base,
			);
			mainGroup = A8C0163D266FD60300782A2D;
			productRefGroup = A8C01647266FD60300782A2D /* Products */;
			projectDirPath = "";
			projectRoot = "";
			targets = (
				A8C01645266FD60300782A2D /* WeatherGift */,
			);
		};
/* End PBXProject section */

/* Begin PBXResourcesBuildPhase section */
		A8C01644266FD60300782A2D /* Resources */ = {
			isa = PBXResourcesBuildPhase;
			buildActionMask = 2147483647;
			files = (
				A8C01656266FD60400782A2D /* LaunchScreen.storyboard in Resources */,
				A8C01653266FD60400782A2D /* Assets.xcassets in Resources */,
				A8C01651266FD60300782A2D /* Main.storyboard in Resources */,
			);
			runOnlyForDeploymentPostprocessing = 0;
		};
/* End PBXResourcesBuildPhase section */

/* Begin PBXShellScriptBuildPhase section */
		541CEDD66F4C5EBB25EC7980 /* [CP] Copy Pods Resources */ = {
			isa = PBXShellScriptBuildPhase;
			buildActionMask = 2147483647;
			files = (
			);
			inputFileListPaths = (
				"${PODS_ROOT}/Target Support Files/Pods-WeatherGift/Pods-WeatherGift-resources-${CONFIGURATION}-input-files.xcfilelist",
			);
			name = "[CP] Copy Pods Resources";
			outputFileListPaths = (
				"${PODS_ROOT}/Target Support Files/Pods-WeatherGift/Pods-WeatherGift-resources-${CONFIGURATION}-output-files.xcfilelist",
			);
			runOnlyForDeploymentPostprocessing = 0;
			shellPath = /bin/sh;
			shellScript = "\"${PODS_ROOT}/Target Support Files/Pods-WeatherGift/Pods-WeatherGift-resources.sh\"\n";
			showEnvVarsInLog = 0;
		};
		91F39541BF10C41A08A403AD /* [CP] Check Pods Manifest.lock */ = {
			isa = PBXShellScriptBuildPhase;
			buildActionMask = 2147483647;
			files = (
			);
			inputFileListPaths = (
			);
			inputPaths = (
				"${PODS_PODFILE_DIR_PATH}/Podfile.lock",
				"${PODS_ROOT}/Manifest.lock",
			);
			name = "[CP] Check Pods Manifest.lock";
			outputFileListPaths = (
			);
			outputPaths = (
				"$(DERIVED_FILE_DIR)/Pods-WeatherGift-checkManifestLockResult.txt",
			);
			runOnlyForDeploymentPostprocessing = 0;
			shellPath = /bin/sh;
			shellScript = "diff \"${PODS_PODFILE_DIR_PATH}/Podfile.lock\" \"${PODS_ROOT}/Manifest.lock\" > /dev/null\nif [ $? != 0 ] ; then\n    # print error to STDERR\n    echo \"error: The sandbox is not in sync with the Podfile.lock. Run 'pod install' or update your CocoaPods installation.\" >&2\n    exit 1\nfi\n# This output is used by Xcode 'outputs' to avoid re-running this script phase.\necho \"SUCCESS\" > \"${SCRIPT_OUTPUT_FILE_0}\"\n";
			showEnvVarsInLog = 0;
		};
/* End PBXShellScriptBuildPhase section */

/* Begin PBXSourcesBuildPhase section */
		A8C01642266FD60300782A2D /* Sources */ = {
			isa = PBXSourcesBuildPhase;
			buildActionMask = 2147483647;
			files = (
				A8C0164A266FD60300782A2D /* AppDelegate.swift in Sources */,
				A8F966FE26823B2300345901 /* DailyTableViewCell.swift in Sources */,
				A8A6CAE2267CB65000CF4265 /* WeatherDetail.swift in Sources */,
				A888C0302678CCE600CF9B56 /* PageViewController.swift in Sources */,
				A8C01664266FE1E600782A2D /* WeatherLocation.swift in Sources */,
				A80E7BB926779BD40002C134 /* APIkeys.swift in Sources */,
				A8C01660266FD6F300782A2D /* LocationListViewController.swift in Sources */,
				A80E7BBB2677A3B00002C134 /* LocationDetailViewController.swift in Sources */,
				A8C0164C266FD60300782A2D /* SceneDelegate.swift in Sources */,
				A88E20252684D7D50038638C /* HourlyCollectionViewCell.swift in Sources */,
			);
			runOnlyForDeploymentPostprocessing = 0;
		};
/* End PBXSourcesBuildPhase section */

/* Begin PBXVariantGroup section */
		A8C0164F266FD60300782A2D /* Main.storyboard */ = {
			isa = PBXVariantGroup;
			children = (
				A8C01650266FD60300782A2D /* Base */,
			);
			name = Main.storyboard;
			sourceTree = "<group>";
		};
		A8C01654266FD60400782A2D /* LaunchScreen.storyboard */ = {
			isa = PBXVariantGroup;
			children = (
				A8C01655266FD60400782A2D /* Base */,
			);
			name = LaunchScreen.storyboard;
			sourceTree = "<group>";
		};
/* End PBXVariantGroup section */

/* Begin XCBuildConfiguration section */
		A8C01658266FD60400782A2D /* Debug */ = {
			isa = XCBuildConfiguration;
			buildSettings = {
				ALWAYS_SEARCH_USER_PATHS = NO;
				CLANG_ANALYZER_NONNULL = YES;
				CLANG_ANALYZER_NUMBER_OBJECT_CONVERSION = YES_AGGRESSIVE;
				CLANG_CXX_LANGUAGE_STANDARD = "gnu++14";
				CLANG_CXX_LIBRARY = "libc++";
				CLANG_ENABLE_MODULES = YES;
				CLANG_ENABLE_OBJC_ARC = YES;
				CLANG_ENABLE_OBJC_WEAK = YES;
				CLANG_WARN_BLOCK_CAPTURE_AUTORELEASING = YES;
				CLANG_WARN_BOOL_CONVERSION = YES;
				CLANG_WARN_COMMA = YES;
				CLANG_WARN_CONSTANT_CONVERSION = YES;
				CLANG_WARN_DEPRECATED_OBJC_IMPLEMENTATIONS = YES;
				CLANG_WARN_DIRECT_OBJC_ISA_USAGE = YES_ERROR;
				CLANG_WARN_DOCUMENTATION_COMMENTS = YES;
				CLANG_WARN_EMPTY_BODY = YES;
				CLANG_WARN_ENUM_CONVERSION = YES;
				CLANG_WARN_INFINITE_RECURSION = YES;
				CLANG_WARN_INT_CONVERSION = YES;
				CLANG_WARN_NON_LITERAL_NULL_CONVERSION = YES;
				CLANG_WARN_OBJC_IMPLICIT_RETAIN_SELF = YES;
				CLANG_WARN_OBJC_LITERAL_CONVERSION = YES;
				CLANG_WARN_OBJC_ROOT_CLASS = YES_ERROR;
				CLANG_WARN_QUOTED_INCLUDE_IN_FRAMEWORK_HEADER = YES;
				CLANG_WARN_RANGE_LOOP_ANALYSIS = YES;
				CLANG_WARN_STRICT_PROTOTYPES = YES;
				CLANG_WARN_SUSPICIOUS_MOVE = YES;
				CLANG_WARN_UNGUARDED_AVAILABILITY = YES_AGGRESSIVE;
				CLANG_WARN_UNREACHABLE_CODE = YES;
				CLANG_WARN__DUPLICATE_METHOD_MATCH = YES;
				COPY_PHASE_STRIP = NO;
				DEBUG_INFORMATION_FORMAT = dwarf;
				ENABLE_STRICT_OBJC_MSGSEND = YES;
				ENABLE_TESTABILITY = YES;
				GCC_C_LANGUAGE_STANDARD = gnu11;
				GCC_DYNAMIC_NO_PIC = NO;
				GCC_NO_COMMON_BLOCKS = YES;
				GCC_OPTIMIZATION_LEVEL = 0;
				GCC_PREPROCESSOR_DEFINITIONS = (
					"DEBUG=1",
					"$(inherited)",
				);
				GCC_WARN_64_TO_32_BIT_CONVERSION = YES;
				GCC_WARN_ABOUT_RETURN_TYPE = YES_ERROR;
				GCC_WARN_UNDECLARED_SELECTOR = YES;
				GCC_WARN_UNINITIALIZED_AUTOS = YES_AGGRESSIVE;
				GCC_WARN_UNUSED_FUNCTION = YES;
				GCC_WARN_UNUSED_VARIABLE = YES;
				IPHONEOS_DEPLOYMENT_TARGET = 14.5;
				MTL_ENABLE_DEBUG_INFO = INCLUDE_SOURCE;
				MTL_FAST_MATH = YES;
				ONLY_ACTIVE_ARCH = YES;
				SDKROOT = iphoneos;
				SWIFT_ACTIVE_COMPILATION_CONDITIONS = DEBUG;
				SWIFT_OPTIMIZATION_LEVEL = "-Onone";
			};
			name = Debug;
		};
		A8C01659266FD60400782A2D /* Release */ = {
			isa = XCBuildConfiguration;
			buildSettings = {
				ALWAYS_SEARCH_USER_PATHS = NO;
				CLANG_ANALYZER_NONNULL = YES;
				CLANG_ANALYZER_NUMBER_OBJECT_CONVERSION = YES_AGGRESSIVE;
				CLANG_CXX_LANGUAGE_STANDARD = "gnu++14";
				CLANG_CXX_LIBRARY = "libc++";
				CLANG_ENABLE_MODULES = YES;
				CLANG_ENABLE_OBJC_ARC = YES;
				CLANG_ENABLE_OBJC_WEAK = YES;
				CLANG_WARN_BLOCK_CAPTURE_AUTORELEASING = YES;
				CLANG_WARN_BOOL_CONVERSION = YES;
				CLANG_WARN_COMMA = YES;
				CLANG_WARN_CONSTANT_CONVERSION = YES;
				CLANG_WARN_DEPRECATED_OBJC_IMPLEMENTATIONS = YES;
				CLANG_WARN_DIRECT_OBJC_ISA_USAGE = YES_ERROR;
				CLANG_WARN_DOCUMENTATION_COMMENTS = YES;
				CLANG_WARN_EMPTY_BODY = YES;
				CLANG_WARN_ENUM_CONVERSION = YES;
				CLANG_WARN_INFINITE_RECURSION = YES;
				CLANG_WARN_INT_CONVERSION = YES;
				CLANG_WARN_NON_LITERAL_NULL_CONVERSION = YES;
				CLANG_WARN_OBJC_IMPLICIT_RETAIN_SELF = YES;
				CLANG_WARN_OBJC_LITERAL_CONVERSION = YES;
				CLANG_WARN_OBJC_ROOT_CLASS = YES_ERROR;
				CLANG_WARN_QUOTED_INCLUDE_IN_FRAMEWORK_HEADER = YES;
				CLANG_WARN_RANGE_LOOP_ANALYSIS = YES;
				CLANG_WARN_STRICT_PROTOTYPES = YES;
				CLANG_WARN_SUSPICIOUS_MOVE = YES;
				CLANG_WARN_UNGUARDED_AVAILABILITY = YES_AGGRESSIVE;
				CLANG_WARN_UNREACHABLE_CODE = YES;
				CLANG_WARN__DUPLICATE_METHOD_MATCH = YES;
				COPY_PHASE_STRIP = NO;
				DEBUG_INFORMATION_FORMAT = "dwarf-with-dsym";
				ENABLE_NS_ASSERTIONS = NO;
				ENABLE_STRICT_OBJC_MSGSEND = YES;
				GCC_C_LANGUAGE_STANDARD = gnu11;
				GCC_NO_COMMON_BLOCKS = YES;
				GCC_WARN_64_TO_32_BIT_CONVERSION = YES;
				GCC_WARN_ABOUT_RETURN_TYPE = YES_ERROR;
				GCC_WARN_UNDECLARED_SELECTOR = YES;
				GCC_WARN_UNINITIALIZED_AUTOS = YES_AGGRESSIVE;
				GCC_WARN_UNUSED_FUNCTION = YES;
				GCC_WARN_UNUSED_VARIABLE = YES;
				IPHONEOS_DEPLOYMENT_TARGET = 14.5;
				MTL_ENABLE_DEBUG_INFO = NO;
				MTL_FAST_MATH = YES;
				SDKROOT = iphoneos;
				SWIFT_COMPILATION_MODE = wholemodule;
				SWIFT_OPTIMIZATION_LEVEL = "-O";
				VALIDATE_PRODUCT = YES;
			};
			name = Release;
		};
		A8C0165B266FD60400782A2D /* Debug */ = {
			isa = XCBuildConfiguration;
			baseConfigurationReference = 99D52FAA64C5C189F6684AE9 /* Pods-WeatherGift.debug.xcconfig */;
			buildSettings = {
				ASSETCATALOG_COMPILER_APPICON_NAME = AppIcon;
				ASSETCATALOG_COMPILER_GLOBAL_ACCENT_COLOR_NAME = AccentColor;
				CODE_SIGN_STYLE = Automatic;
				DEVELOPMENT_TEAM = 2X347Y7P5E;
				INFOPLIST_FILE = WeatherGift/Info.plist;
				LD_RUNPATH_SEARCH_PATHS = (
					"$(inherited)",
					"@executable_path/Frameworks",
				);
				PRODUCT_BUNDLE_IDENTIFIER = com.rickmartinapps.WeatherGift;
				PRODUCT_NAME = "$(TARGET_NAME)";
				SWIFT_VERSION = 5.0;
				TARGETED_DEVICE_FAMILY = "1,2";
			};
			name = Debug;
		};
		A8C0165C266FD60400782A2D /* Release */ = {
			isa = XCBuildConfiguration;
			baseConfigurationReference = 687CF2D461058BA24ED5D474 /* Pods-WeatherGift.release.xcconfig */;
			buildSettings = {
				ASSETCATALOG_COMPILER_APPICON_NAME = AppIcon;
				ASSETCATALOG_COMPILER_GLOBAL_ACCENT_COLOR_NAME = AccentColor;
				CODE_SIGN_STYLE = Automatic;
				DEVELOPMENT_TEAM = 2X347Y7P5E;
				INFOPLIST_FILE = WeatherGift/Info.plist;
				LD_RUNPATH_SEARCH_PATHS = (
					"$(inherited)",
					"@executable_path/Frameworks",
				);
				PRODUCT_BUNDLE_IDENTIFIER = com.rickmartinapps.WeatherGift;
				PRODUCT_NAME = "$(TARGET_NAME)";
				SWIFT_VERSION = 5.0;
				TARGETED_DEVICE_FAMILY = "1,2";
			};
			name = Release;
		};
/* End XCBuildConfiguration section */

/* Begin XCConfigurationList section */
		A8C01641266FD60300782A2D /* Build configuration list for PBXProject "WeatherGift" */ = {
			isa = XCConfigurationList;
			buildConfigurations = (
				A8C01658266FD60400782A2D /* Debug */,
				A8C01659266FD60400782A2D /* Release */,
			);
			defaultConfigurationIsVisible = 0;
			defaultConfigurationName = Release;
		};
		A8C0165A266FD60400782A2D /* Build configuration list for PBXNativeTarget "WeatherGift" */ = {
			isa = XCConfigurationList;
			buildConfigurations = (
				A8C0165B266FD60400782A2D /* Debug */,
				A8C0165C266FD60400782A2D /* Release */,
			);
			defaultConfigurationIsVisible = 0;
			defaultConfigurationName = Release;
		};
/* End XCConfigurationList section */
	};
	rootObject = A8C0163E266FD60300782A2D /* Project object */;
}
